
Microsoft Visual Studio Solution File, Format Version 12.00
# Visual Studio Version 16
VisualStudioVersion = 16.0.30523.141
MinimumVisualStudioVersion = 10.0.40219.1
Project("{FAE04EC0-301F-11D3-BF4B-00C04F79EFBC}") = "inventory managemnt system", "inventory managemnt system.csproj", "{3593DFF2-3131-424E-B0FF-D7E93E68F287}"
EndProject
Global
	GlobalSection(SolutionConfigurationPlatforms) = preSolution
		Debug|Any CPU = Debug|Any CPU
		Release|Any CPU = Release|Any CPU
	EndGlobalSection
	GlobalSection(ProjectConfigurationPlatforms) = postSolution
		{3593DFF2-3131-424E-B0FF-D7E93E68F287}.Debug|Any CPU.ActiveCfg = Debug|Any CPU
		{3593DFF2-3131-424E-B0FF-D7E93E68F287}.Debug|Any CPU.Build.0 = Debug|Any CPU
		{3593DFF2-3131-424E-B0FF-D7E93E68F287}.Release|Any CPU.ActiveCfg = Release|Any CPU
		{3593DFF2-3131-424E-B0FF-D7E93E68F287}.Release|Any CPU.Build.0 = Release|Any CPU
	EndGlobalSection
	GlobalSection(SolutionProperties) = preSolution
		HideSolutionNode = FALSE
	EndGlobalSection
	GlobalSection(ExtensibilityGlobals) = postSolution
		SolutionGuid = {D3B80740-16C4-4FEA-AA7D-784519FEFE70}
	EndGlobalSection
EndGlobal
